{
  "name": "osc-ipc-client",
  "version": "1.1.1",
  "lockfileVersion": 1,
  "requires": true,
  "dependencies": {
    "await-event": {
      "version": "2.1.0",
      "resolved": "https://registry.npmjs.org/await-event/-/await-event-2.1.0.tgz",
      "integrity": "sha1-eOn5JoS65AIvn6C18xShFVD5qnY="
    },
    "await-first": {
      "version": "1.0.0",
      "resolved": "https://registry.npmjs.org/await-first/-/await-first-1.0.0.tgz",
      "integrity": "sha512-SK20HicVu6lXvNM0nS1flurrs4/1NdhvccvEn52Gf+vpERZnnkKBnJvAQDsYkzJnsHs1bRNNKEiobEet7a/0TA==",
      "requires": {
        "ee-first": "^1.1.1"
      }
    },
    "binpack": {
      "version": "0.1.0",
      "resolved": "https://registry.npmjs.org/binpack/-/binpack-0.1.0.tgz",
      "integrity": "sha1-vT0JdMPyoERuF99PYLVacqIFqX4="
    },
    "co": {
      "version": "4.6.0",
      "resolved": "https://registry.npmjs.org/co/-/co-4.6.0.tgz",
      "integrity": "sha1-bqa989hTrlTMuOR7+gvz+QMfsYQ="
    },
    "core-util-is": {
      "version": "1.0.2",
      "resolved": "https://registry.npmjs.org/core-util-is/-/core-util-is-1.0.2.tgz",
      "integrity": "sha1-tf1UIgqivFq1eqtxQMlAdUUDwac="
    },
    "ee-first": {
      "version": "1.1.1",
      "resolved": "https://registry.npmjs.org/ee-first/-/ee-first-1.1.1.tgz",
      "integrity": "sha1-WQxhFWsK4vTwJVcyoViyZrxWsh0="
    },
    "is-class-hotfix": {
      "version": "0.0.6",
      "resolved": "https://registry.npmjs.org/is-class-hotfix/-/is-class-hotfix-0.0.6.tgz",
      "integrity": "sha512-0n+pzCC6ICtVr/WXnN2f03TK/3BfXY7me4cjCAqT8TYXEl0+JBRoqBo94JJHXcyDSLUeWbNX8Fvy5g5RJdAstQ=="
    },
    "is-type-of": {
      "version": "1.2.1",
      "resolved": "https://registry.npmjs.org/is-type-of/-/is-type-of-1.2.1.tgz",
      "integrity": "sha512-uK0kyX9LZYhSDS7H2sVJQJop1UnWPWmo5RvR3q2kFH6AUHYs7sOrVg0b4nyBHw29kRRNFofYN/JbHZDlHiItTA==",
      "requires": {
        "core-util-is": "^1.0.2",
        "is-class-hotfix": "~0.0.6",
        "isstream": "~0.1.2"
      }
    },
    "isstream": {
      "version": "0.1.2",
      "resolved": "https://registry.npmjs.org/isstream/-/isstream-0.1.2.tgz",
      "integrity": "sha1-R+Y/evVa+m+S4VAOaQ64uFKcCZo="
    },
    "osc-min": {
      "version": "1.1.2",
      "resolved": "https://registry.npmjs.org/osc-min/-/osc-min-1.1.2.tgz",
      "integrity": "sha512-8DbiO8ME85R75stgNVCZtHxB9MNBBNcyy+isNBXrsFeinXGjwNAauvKVmGlfRas5VJWC/mhzIx7spR2gFvWxvg==",
      "requires": {
        "binpack": "~0"
      }
    },
    "sdk-base": {
      "version": "3.6.0",
      "resolved": "https://registry.npmjs.org/sdk-base/-/sdk-base-3.6.0.tgz",
      "integrity": "sha512-jxHUIrRLlAoRFRwiXKhOGjd6BeFWO/jz7tv+E7lbMSef6F9jzFN2Sv3hLW58oDDKscKaBGG6vQdkbXn7isE7fw==",
      "requires": {
        "await-event": "^2.1.0",
        "await-first": "^1.0.0",
        "co": "^4.6.0",
        "is-type-of": "^1.2.1"
      }
    },
    "tcp-base": {
      "version": "3.1.0",
      "resolved": "https://registry.npmjs.org/tcp-base/-/tcp-base-3.1.0.tgz",
      "integrity": "sha512-5iTlUaVmeZBzyq9cSVjB4mzKtvBP2wpkbVZoMdRhFwq35DYUBAfeTgAD31NYJSba3HVxetjuqKlAkUUHlWoShw==",
      "requires": {
        "is-type-of": "^1.0.0",
        "sdk-base": "^3.1.1"
      }
    }
  }
}
